
Microsoft Visual Studio Solution File, Format Version 12.00
# Visual Studio Version 17
VisualStudioVersion = 17.8.34330.188
MinimumVisualStudioVersion = 10.0.40219.1
Project("{9A19103F-16F7-4668-BE54-9A1E7A4F7556}") = "TestProject1", "TestProject1\TestProject1.csproj", "{C34B81E6-0961-4A54-814F-62D412CE0377}"
EndProject
Project("{FAE04EC0-301F-11D3-BF4B-00C04F79EFBC}") = "SchoolLib", "SchoolLib\SchoolLib.csproj", "{2793A576-CF0A-4E5E-ACC2-1E3636D30EA6}"
EndProject
Global
	GlobalSection(SolutionConfigurationPlatforms) = preSolution
		Debug|Any CPU = Debug|Any CPU
		Release|Any CPU = Release|Any CPU
	EndGlobalSection
	GlobalSection(ProjectConfigurationPlatforms) = postSolution
		{C34B81E6-0961-4A54-814F-62D412CE0377}.Debug|Any CPU.ActiveCfg = Debug|Any CPU
		{C34B81E6-0961-4A54-814F-62D412CE0377}.Debug|Any CPU.Build.0 = Debug|Any CPU
		{C34B81E6-0961-4A54-814F-62D412CE0377}.Release|Any CPU.ActiveCfg = Release|Any CPU
		{C34B81E6-0961-4A54-814F-62D412CE0377}.Release|Any CPU.Build.0 = Release|Any CPU
		{2793A576-CF0A-4E5E-ACC2-1E3636D30EA6}.Debug|Any CPU.ActiveCfg = Debug|Any CPU
		{2793A576-CF0A-4E5E-ACC2-1E3636D30EA6}.Debug|Any CPU.Build.0 = Debug|Any CPU
		{2793A576-CF0A-4E5E-ACC2-1E3636D30EA6}.Release|Any CPU.ActiveCfg = Release|Any CPU
		{2793A576-CF0A-4E5E-ACC2-1E3636D30EA6}.Release|Any CPU.Build.0 = Release|Any CPU
	EndGlobalSection
	GlobalSection(SolutionProperties) = preSolution
		HideSolutionNode = FALSE
	EndGlobalSection
	GlobalSection(ExtensibilityGlobals) = postSolution
		SolutionGuid = {F6F1C27F-AE86-4D1A-8D4D-024251A46205}
	EndGlobalSection
EndGlobal
